
Microsoft Visual Studio Solution File, Format Version 12.00
# Visual Studio Version 17
VisualStudioVersion = 17.14.36202.13 d17.14
MinimumVisualStudioVersion = 10.0.40219.1
Project("{FAE04EC0-301F-11D3-BF4B-00C04F79EFBC}") = "USA", "USA.csproj", "{FE51CDFC-D635-40B7-9A26-CD0DD7EBC7CE}"
EndProject
Global
	GlobalSection(SolutionConfigurationPlatforms) = preSolution
		Debug|Any CPU = Debug|Any CPU
		Release|Any CPU = Release|Any CPU
	EndGlobalSection
	GlobalSection(ProjectConfigurationPlatforms) = postSolution
		{FE51CDFC-D635-40B7-9A26-CD0DD7EBC7CE}.Debug|Any CPU.ActiveCfg = Debug|Any CPU
		{FE51CDFC-D635-40B7-9A26-CD0DD7EBC7CE}.Debug|Any CPU.Build.0 = Debug|Any CPU
		{FE51CDFC-D635-40B7-9A26-CD0DD7EBC7CE}.Release|Any CPU.ActiveCfg = Release|Any CPU
		{FE51CDFC-D635-40B7-9A26-CD0DD7EBC7CE}.Release|Any CPU.Build.0 = Release|Any CPU
	EndGlobalSection
	GlobalSection(SolutionProperties) = preSolution
		HideSolutionNode = FALSE
	EndGlobalSection
	GlobalSection(ExtensibilityGlobals) = postSolution
		SolutionGuid = {40E74EA6-7E13-471B-8AAB-C2491817F33C}
	EndGlobalSection
EndGlobal
